// !$*UTF8*$!
{
	archiveVersion = 1;
	classes = {
	};
	objectVersion = 55;
	objects = {

/* Begin PBXBuildFile section */
		0BCEF21628B6BB04003D79BD /* AppDelegate.swift in Sources */ = {isa = PBXBuildFile; fileRef = 0BCEF21528B6BB04003D79BD /* AppDelegate.swift */; };
		0BCEF21828B6BB04003D79BD /* SceneDelegate.swift in Sources */ = {isa = PBXBuildFile; fileRef = 0BCEF21728B6BB04003D79BD /* SceneDelegate.swift */; };
		0BCEF21A28B6BB04003D79BD /* ViewController.swift in Sources */ = {isa = PBXBuildFile; fileRef = 0BCEF21928B6BB04003D79BD /* ViewController.swift */; };
		0BCEF21D28B6BB04003D79BD /* Main.storyboard in Resources */ = {isa = PBXBuildFile; fileRef = 0BCEF21B28B6BB04003D79BD /* Main.storyboard */; };
		0BCEF21F28B6BB06003D79BD /* Assets.xcassets in Resources */ = {isa = PBXBuildFile; fileRef = 0BCEF21E28B6BB06003D79BD /* Assets.xcassets */; };
		0BCEF22228B6BB06003D79BD /* LaunchScreen.storyboard in Resources */ = {isa = PBXBuildFile; fileRef = 0BCEF22028B6BB06003D79BD /* LaunchScreen.storyboard */; };
		0BCEF22D28B6BB06003D79BD /* MentorBookTests.swift in Sources */ = {isa = PBXBuildFile; fileRef = 0BCEF22C28B6BB06003D79BD /* MentorBookTests.swift */; };
		0BCEF23728B6BB06003D79BD /* MentorBookUITests.swift in Sources */ = {isa = PBXBuildFile; fileRef = 0BCEF23628B6BB06003D79BD /* MentorBookUITests.swift */; };
		0BCEF23928B6BB06003D79BD /* MentorBookUITestsLaunchTests.swift in Sources */ = {isa = PBXBuildFile; fileRef = 0BCEF23828B6BB06003D79BD /* MentorBookUITestsLaunchTests.swift */; };
/* End PBXBuildFile section */

/* Begin PBXContainerItemProxy section */
		0BCEF22928B6BB06003D79BD /* PBXContainerItemProxy */ = {
			isa = PBXContainerItemProxy;
			containerPortal = 0BCEF20A28B6BB04003D79BD /* Project object */;
			proxyType = 1;
			remoteGlobalIDString = 0BCEF21128B6BB04003D79BD;
			remoteInfo = MentorBook;
		};
		0BCEF23328B6BB06003D79BD /* PBXContainerItemProxy */ = {
			isa = PBXContainerItemProxy;
			containerPortal = 0BCEF20A28B6BB04003D79BD /* Project object */;
			proxyType = 1;
			remoteGlobalIDString = 0BCEF21128B6BB04003D79BD;
			remoteInfo = MentorBook;
		};
/* End PBXContainerItemProxy section */

/* Begin PBXFileReference section */
		0BCEF21228B6BB04003D79BD /* MentorBook.app */ = {isa = PBXFileReference; explicitFileType = wrapper.application; includeInIndex = 0; path = MentorBook.app; sourceTree = BUILT_PRODUCTS_DIR; };
		0BCEF21528B6BB04003D79BD /* AppDelegate.swift */ = {isa = PBXFileReference; lastKnownFileType = sourcecode.swift; path = AppDelegate.swift; sourceTree = "<group>"; };
		0BCEF21728B6BB04003D79BD /* SceneDelegate.swift */ = {isa = PBXFileReference; lastKnownFileType = sourcecode.swift; path = SceneDelegate.swift; sourceTree = "<group>"; };
		0BCEF21928B6BB04003D79BD /* ViewController.swift */ = {isa = PBXFileReference; lastKnownFileType = sourcecode.swift; path = ViewController.swift; sourceTree = "<group>"; };
		0BCEF21C28B6BB04003D79BD /* Base */ = {isa = PBXFileReference; lastKnownFileType = file.storyboard; name = Base; path = Base.lproj/Main.storyboard; sourceTree = "<group>"; };
		0BCEF21E28B6BB06003D79BD /* Assets.xcassets */ = {isa = PBXFileReference; lastKnownFileType = folder.assetcatalog; path = Assets.xcassets; sourceTree = "<group>"; };
		0BCEF22128B6BB06003D79BD /* Base */ = {isa = PBXFileReference; lastKnownFileType = file.storyboard; name = Base; path = Base.lproj/LaunchScreen.storyboard; sourceTree = "<group>"; };
		0BCEF22328B6BB06003D79BD /* Info.plist */ = {isa = PBXFileReference; lastKnownFileType = text.plist.xml; path = Info.plist; sourceTree = "<group>"; };
		0BCEF22828B6BB06003D79BD /* MentorBookTests.xctest */ = {isa = PBXFileReference; explicitFileType = wrapper.cfbundle; includeInIndex = 0; path = MentorBookTests.xctest; sourceTree = BUILT_PRODUCTS_DIR; };
		0BCEF22C28B6BB06003D79BD /* MentorBookTests.swift */ = {isa = PBXFileReference; lastKnownFileType = sourcecode.swift; path = MentorBookTests.swift; sourceTree = "<group>"; };
		0BCEF23228B6BB06003D79BD /* MentorBookUITests.xctest */ = {isa = PBXFileReference; explicitFileType = wrapper.cfbundle; includeInIndex = 0; path = MentorBookUITests.xctest; sourceTree = BUILT_PRODUCTS_DIR; };
		0BCEF23628B6BB06003D79BD /* MentorBookUITests.swift */ = {isa = PBXFileReference; lastKnownFileType = sourcecode.swift; path = MentorBookUITests.swift; sourceTree = "<group>"; };
		0BCEF23828B6BB06003D79BD /* MentorBookUITestsLaunchTests.swift */ = {isa = PBXFileReference; lastKnownFileType = sourcecode.swift; path = MentorBookUITestsLaunchTests.swift; sourceTree = "<group>"; };
/* End PBXFileReference section */

/* Begin PBXFrameworksBuildPhase section */
		0BCEF20F28B6BB04003D79BD /* Frameworks */ = {
			isa = PBXFrameworksBuildPhase;
			buildActionMask = 2147483647;
			files = (
			);
			runOnlyForDeploymentPostprocessing = 0;
		};
		0BCEF22528B6BB06003D79BD /* Frameworks */ = {
			isa = PBXFrameworksBuildPhase;
			buildActionMask = 2147483647;
			files = (
			);
			runOnlyForDeploymentPostprocessing = 0;
		};
		0BCEF22F28B6BB06003D79BD /* Frameworks */ = {
			isa = PBXFrameworksBuildPhase;
			buildActionMask = 2147483647;
			files = (
			);
			runOnlyForDeploymentPostprocessing = 0;
		};
/* End PBXFrameworksBuildPhase section */

/* Begin PBXGroup section */
		0BCEF20928B6BB04003D79BD = {
			isa = PBXGroup;
			children = (
				0BCEF21428B6BB04003D79BD /* MentorBook */,
				0BCEF22B28B6BB06003D79BD /* MentorBookTests */,
				0BCEF23528B6BB06003D79BD /* MentorBookUITests */,
				0BCEF21328B6BB04003D79BD /* Products */,
			);
			sourceTree = "<group>";
		};
		0BCEF21328B6BB04003D79BD /* Products */ = {
			isa = PBXGroup;
			children = (
				0BCEF21228B6BB04003D79BD /* MentorBook.app */,
				0BCEF22828B6BB06003D79BD /* MentorBookTests.xctest */,
				0BCEF23228B6BB06003D79BD /* MentorBookUITests.xctest */,
			);
			name = Products;
			sourceTree = "<group>";
		};
		0BCEF21428B6BB04003D79BD /* MentorBook */ = {
			isa = PBXGroup;
			children = (
				0BCEF21528B6BB04003D79BD /* AppDelegate.swift */,
				0BCEF21728B6BB04003D79BD /* SceneDelegate.swift */,
				0BCEF21928B6BB04003D79BD /* ViewController.swift */,
				0BCEF21B28B6BB04003D79BD /* Main.storyboard */,
				0BCEF21E28B6BB06003D79BD /* Assets.xcassets */,
				0BCEF22028B6BB06003D79BD /* LaunchScreen.storyboard */,
				0BCEF22328B6BB06003D79BD /* Info.plist */,
			);
			path = MentorBook;
			sourceTree = "<group>";
		};
		0BCEF22B28B6BB06003D79BD /* MentorBookTests */ = {
			isa = PBXGroup;
			children = (
				0BCEF22C28B6BB06003D79BD /* MentorBookTests.swift */,
			);
			path = MentorBookTests;
			sourceTree = "<group>";
		};
		0BCEF23528B6BB06003D79BD /* MentorBookUITests */ = {
			isa = PBXGroup;
			children = (
				0BCEF23628B6BB06003D79BD /* MentorBookUITests.swift */,
				0BCEF23828B6BB06003D79BD /* MentorBookUITestsLaunchTests.swift */,
			);
			path = MentorBookUITests;
			sourceTree = "<group>";
		};
/* End PBXGroup section */

/* Begin PBXNativeTarget section */
		0BCEF21128B6BB04003D79BD /* MentorBook */ = {
			isa = PBXNativeTarget;
			buildConfigurationList = 0BCEF23C28B6BB06003D79BD /* Build configuration list for PBXNativeTarget "MentorBook" */;
			buildPhases = (
				0BCEF20E28B6BB04003D79BD /* Sources */,
				0BCEF20F28B6BB04003D79BD /* Frameworks */,
				0BCEF21028B6BB04003D79BD /* Resources */,
			);
			buildRules = (
			);
			dependencies = (
			);
			name = MentorBook;
			productName = MentorBook;
			productReference = 0BCEF21228B6BB04003D79BD /* MentorBook.app */;
			productType = "com.apple.product-type.application";
		};
		0BCEF22728B6BB06003D79BD /* MentorBookTests */ = {
			isa = PBXNativeTarget;
			buildConfigurationList = 0BCEF23F28B6BB06003D79BD /* Build configuration list for PBXNativeTarget "MentorBookTests" */;
			buildPhases = (
				0BCEF22428B6BB06003D79BD /* Sources */,
				0BCEF22528B6BB06003D79BD /* Frameworks */,
				0BCEF22628B6BB06003D79BD /* Resources */,
			);
			buildRules = (
			);
			dependencies = (
				0BCEF22A28B6BB06003D79BD /* PBXTargetDependency */,
			);
			name = MentorBookTests;
			productName = MentorBookTests;
			productReference = 0BCEF22828B6BB06003D79BD /* MentorBookTests.xctest */;
			productType = "com.apple.product-type.bundle.unit-test";
		};
		0BCEF23128B6BB06003D79BD /* MentorBookUITests */ = {
			isa = PBXNativeTarget;
			buildConfigurationList = 0BCEF24228B6BB06003D79BD /* Build configuration list for PBXNativeTarget "MentorBookUITests" */;
			buildPhases = (
				0BCEF22E28B6BB06003D79BD /* Sources */,
				0BCEF22F28B6BB06003D79BD /* Frameworks */,
				0BCEF23028B6BB06003D79BD /* Resources */,
			);
			buildRules = (
			);
			dependencies = (
				0BCEF23428B6BB06003D79BD /* PBXTargetDependency */,
			);
			name = MentorBookUITests;
			productName = MentorBookUITests;
			productReference = 0BCEF23228B6BB06003D79BD /* MentorBookUITests.xctest */;
			productType = "com.apple.product-type.bundle.ui-testing";
		};
/* End PBXNativeTarget section */

/* Begin PBXProject section */
		0BCEF20A28B6BB04003D79BD /* Project object */ = {
			isa = PBXProject;
			attributes = {
				BuildIndependentTargetsInParallel = 1;
				LastSwiftUpdateCheck = 1340;
				LastUpgradeCheck = 1340;
				TargetAttributes = {
					0BCEF21128B6BB04003D79BD = {
						CreatedOnToolsVersion = 13.4.1;
					};
					0BCEF22728B6BB06003D79BD = {
						CreatedOnToolsVersion = 13.4.1;
						TestTargetID = 0BCEF21128B6BB04003D79BD;
					};
					0BCEF23128B6BB06003D79BD = {
						CreatedOnToolsVersion = 13.4.1;
						TestTargetID = 0BCEF21128B6BB04003D79BD;
					};
				};
			};
			buildConfigurationList = 0BCEF20D28B6BB04003D79BD /* Build configuration list for PBXProject "MentorBook" */;
			compatibilityVersion = "Xcode 13.0";
			developmentRegion = en;
			hasScannedForEncodings = 0;
			knownRegions = (
				en,
				Base,
			);
			mainGroup = 0BCEF20928B6BB04003D79BD;
			productRefGroup = 0BCEF21328B6BB04003D79BD /* Products */;
			projectDirPath = "";
			projectRoot = "";
			targets = (
				0BCEF21128B6BB04003D79BD /* MentorBook */,
				0BCEF22728B6BB06003D79BD /* MentorBookTests */,
				0BCEF23128B6BB06003D79BD /* MentorBookUITests */,
			);
		};
/* End PBXProject section */

/* Begin PBXResourcesBuildPhase section */
		0BCEF21028B6BB04003D79BD /* Resources */ = {
			isa = PBXResourcesBuildPhase;
			buildActionMask = 2147483647;
			files = (
				0BCEF22228B6BB06003D79BD /* LaunchScreen.storyboard in Resources */,
				0BCEF21F28B6BB06003D79BD /* Assets.xcassets in Resources */,
				0BCEF21D28B6BB04003D79BD /* Main.storyboard in Resources */,
			);
			runOnlyForDeploymentPostprocessing = 0;
		};
		0BCEF22628B6BB06003D79BD /* Resources */ = {
			isa = PBXResourcesBuildPhase;
			buildActionMask = 2147483647;
			files = (
			);
			runOnlyForDeploymentPostprocessing = 0;
		};
		0BCEF23028B6BB06003D79BD /* Resources */ = {
			isa = PBXResourcesBuildPhase;
			buildActionMask = 2147483647;
			files = (
			);
			runOnlyForDeploymentPostprocessing = 0;
		};
/* End PBXResourcesBuildPhase section */

/* Begin PBXSourcesBuildPhase section */
		0BCEF20E28B6BB04003D79BD /* Sources */ = {
			isa = PBXSourcesBuildPhase;
			buildActionMask = 2147483647;
			files = (
				0BCEF21A28B6BB04003D79BD /* ViewController.swift in Sources */,
				0BCEF21628B6BB04003D79BD /* AppDelegate.swift in Sources */,
				0BCEF21828B6BB04003D79BD /* SceneDelegate.swift in Sources */,
			);
			runOnlyForDeploymentPostprocessing = 0;
		};
		0BCEF22428B6BB06003D79BD /* Sources */ = {
			isa = PBXSourcesBuildPhase;
			buildActionMask = 2147483647;
			files = (
				0BCEF22D28B6BB06003D79BD /* MentorBookTests.swift in Sources */,
			);
			runOnlyForDeploymentPostprocessing = 0;
		};
		0BCEF22E28B6BB06003D79BD /* Sources */ = {
			isa = PBXSourcesBuildPhase;
			buildActionMask = 2147483647;
			files = (
				0BCEF23928B6BB06003D79BD /* MentorBookUITestsLaunchTests.swift in Sources */,
				0BCEF23728B6BB06003D79BD /* MentorBookUITests.swift in Sources */,
			);
			runOnlyForDeploymentPostprocessing = 0;
		};
/* End PBXSourcesBuildPhase section */

/* Begin PBXTargetDependency section */
		0BCEF22A28B6BB06003D79BD /* PBXTargetDependency */ = {
			isa = PBXTargetDependency;
			target = 0BCEF21128B6BB04003D79BD /* MentorBook */;
			targetProxy = 0BCEF22928B6BB06003D79BD /* PBXContainerItemProxy */;
		};
		0BCEF23428B6BB06003D79BD /* PBXTargetDependency */ = {
			isa = PBXTargetDependency;
			target = 0BCEF21128B6BB04003D79BD /* MentorBook */;
			targetProxy = 0BCEF23328B6BB06003D79BD /* PBXContainerItemProxy */;
		};
/* End PBXTargetDependency section */

/* Begin PBXVariantGroup section */
		0BCEF21B28B6BB04003D79BD /* Main.storyboard */ = {
			isa = PBXVariantGroup;
			children = (
				0BCEF21C28B6BB04003D79BD /* Base */,
			);
			name = Main.storyboard;
			sourceTree = "<group>";
		};
		0BCEF22028B6BB06003D79BD /* LaunchScreen.storyboard */ = {
			isa = PBXVariantGroup;
			children = (
				0BCEF22128B6BB06003D79BD /* Base */,
			);
			name = LaunchScreen.storyboard;
			sourceTree = "<group>";
		};
/* End PBXVariantGroup section */

/* Begin XCBuildConfiguration section */
		0BCEF23A28B6BB06003D79BD /* Debug */ = {
			isa = XCBuildConfiguration;
			buildSettings = {
				ALWAYS_SEARCH_USER_PATHS = NO;
				CLANG_ANALYZER_NONNULL = YES;
				CLANG_ANALYZER_NUMBER_OBJECT_CONVERSION = YES_AGGRESSIVE;
				CLANG_CXX_LANGUAGE_STANDARD = "gnu++17";
				CLANG_ENABLE_MODULES = YES;
				CLANG_ENABLE_OBJC_ARC = YES;
				CLANG_ENABLE_OBJC_WEAK = YES;
				CLANG_WARN_BLOCK_CAPTURE_AUTORELEASING = YES;
				CLANG_WARN_BOOL_CONVERSION = YES;
				CLANG_WARN_COMMA = YES;
				CLANG_WARN_CONSTANT_CONVERSION = YES;
				CLANG_WARN_DEPRECATED_OBJC_IMPLEMENTATIONS = YES;
				CLANG_WARN_DIRECT_OBJC_ISA_USAGE = YES_ERROR;
				CLANG_WARN_DOCUMENTATION_COMMENTS = YES;
				CLANG_WARN_EMPTY_BODY = YES;
				CLANG_WARN_ENUM_CONVERSION = YES;
				CLANG_WARN_INFINITE_RECURSION = YES;
				CLANG_WARN_INT_CONVERSION = YES;
				CLANG_WARN_NON_LITERAL_NULL_CONVERSION = YES;
				CLANG_WARN_OBJC_IMPLICIT_RETAIN_SELF = YES;
				CLANG_WARN_OBJC_LITERAL_CONVERSION = YES;
				CLANG_WARN_OBJC_ROOT_CLASS = YES_ERROR;
				CLANG_WARN_QUOTED_INCLUDE_IN_FRAMEWORK_HEADER = YES;
				CLANG_WARN_RANGE_LOOP_ANALYSIS = YES;
				CLANG_WARN_STRICT_PROTOTYPES = YES;
				CLANG_WARN_SUSPICIOUS_MOVE = YES;
				CLANG_WARN_UNGUARDED_AVAILABILITY = YES_AGGRESSIVE;
				CLANG_WARN_UNREACHABLE_CODE = YES;
				CLANG_WARN__DUPLICATE_METHOD_MATCH = YES;
				COPY_PHASE_STRIP = NO;
				DEBUG_INFORMATION_FORMAT = dwarf;
				ENABLE_STRICT_OBJC_MSGSEND = YES;
				ENABLE_TESTABILITY = YES;
				GCC_C_LANGUAGE_STANDARD = gnu11;
				GCC_DYNAMIC_NO_PIC = NO;
				GCC_NO_COMMON_BLOCKS = YES;
				GCC_OPTIMIZATION_LEVEL = 0;
				GCC_PREPROCESSOR_DEFINITIONS = (
					"DEBUG=1",
					"$(inherited)",
				);
				GCC_WARN_64_TO_32_BIT_CONVERSION = YES;
				GCC_WARN_ABOUT_RETURN_TYPE = YES_ERROR;
				GCC_WARN_UNDECLARED_SELECTOR = YES;
				GCC_WARN_UNINITIALIZED_AUTOS = YES_AGGRESSIVE;
				GCC_WARN_UNUSED_FUNCTION = YES;
				GCC_WARN_UNUSED_VARIABLE = YES;
				IPHONEOS_DEPLOYMENT_TARGET = 15.5;
				MTL_ENABLE_DEBUG_INFO = INCLUDE_SOURCE;
				MTL_FAST_MATH = YES;
				ONLY_ACTIVE_ARCH = YES;
				SDKROOT = iphoneos;
				SWIFT_ACTIVE_COMPILATION_CONDITIONS = DEBUG;
				SWIFT_OPTIMIZATION_LEVEL = "-Onone";
			};
			name = Debug;
		};
		0BCEF23B28B6BB06003D79BD /* Release */ = {
			isa = XCBuildConfiguration;
			buildSettings = {
				ALWAYS_SEARCH_USER_PATHS = NO;
				CLANG_ANALYZER_NONNULL = YES;
				CLANG_ANALYZER_NUMBER_OBJECT_CONVERSION = YES_AGGRESSIVE;
				CLANG_CXX_LANGUAGE_STANDARD = "gnu++17";
				CLANG_ENABLE_MODULES = YES;
				CLANG_ENABLE_OBJC_ARC = YES;
				CLANG_ENABLE_OBJC_WEAK = YES;
				CLANG_WARN_BLOCK_CAPTURE_AUTORELEASING = YES;
				CLANG_WARN_BOOL_CONVERSION = YES;
				CLANG_WARN_COMMA = YES;
				CLANG_WARN_CONSTANT_CONVERSION = YES;
				CLANG_WARN_DEPRECATED_OBJC_IMPLEMENTATIONS = YES;
				CLANG_WARN_DIRECT_OBJC_ISA_USAGE = YES_ERROR;
				CLANG_WARN_DOCUMENTATION_COMMENTS = YES;
				CLANG_WARN_EMPTY_BODY = YES;
				CLANG_WARN_ENUM_CONVERSION = YES;
				CLANG_WARN_INFINITE_RECURSION = YES;
				CLANG_WARN_INT_CONVERSION = YES;
				CLANG_WARN_NON_LITERAL_NULL_CONVERSION = YES;
				CLANG_WARN_OBJC_IMPLICIT_RETAIN_SELF = YES;
				CLANG_WARN_OBJC_LITERAL_CONVERSION = YES;
				CLANG_WARN_OBJC_ROOT_CLASS = YES_ERROR;
				CLANG_WARN_QUOTED_INCLUDE_IN_FRAMEWORK_HEADER = YES;
				CLANG_WARN_RANGE_LOOP_ANALYSIS = YES;
				CLANG_WARN_STRICT_PROTOTYPES = YES;
				CLANG_WARN_SUSPICIOUS_MOVE = YES;
				CLANG_WARN_UNGUARDED_AVAILABILITY = YES_AGGRESSIVE;
				CLANG_WARN_UNREACHABLE_CODE = YES;
				CLANG_WARN__DUPLICATE_METHOD_MATCH = YES;
				COPY_PHASE_STRIP = NO;
				DEBUG_INFORMATION_FORMAT = "dwarf-with-dsym";
				ENABLE_NS_ASSERTIONS = NO;
				ENABLE_STRICT_OBJC_MSGSEND = YES;
				GCC_C_LANGUAGE_STANDARD = gnu11;
				GCC_NO_COMMON_BLOCKS = YES;
				GCC_WARN_64_TO_32_BIT_CONVERSION = YES;
				GCC_WARN_ABOUT_RETURN_TYPE = YES_ERROR;
				GCC_WARN_UNDECLARED_SELECTOR = YES;
				GCC_WARN_UNINITIALIZED_AUTOS = YES_AGGRESSIVE;
				GCC_WARN_UNUSED_FUNCTION = YES;
				GCC_WARN_UNUSED_VARIABLE = YES;
				IPHONEOS_DEPLOYMENT_TARGET = 15.5;
				MTL_ENABLE_DEBUG_INFO = NO;
				MTL_FAST_MATH = YES;
				SDKROOT = iphoneos;
				SWIFT_COMPILATION_MODE = wholemodule;
				SWIFT_OPTIMIZATION_LEVEL = "-O";
				VALIDATE_PRODUCT = YES;
			};
			name = Release;
		};
		0BCEF23D28B6BB06003D79BD /* Debug */ = {
			isa = XCBuildConfiguration;
			buildSettings = {
				ASSETCATALOG_COMPILER_APPICON_NAME = AppIcon;
				ASSETCATALOG_COMPILER_GLOBAL_ACCENT_COLOR_NAME = AccentColor;
				CODE_SIGN_STYLE = Automatic;
				CURRENT_PROJECT_VERSION = 1;
				GENERATE_INFOPLIST_FILE = YES;
				INFOPLIST_FILE = MentorBook/Info.plist;
				INFOPLIST_KEY_UIApplicationSupportsIndirectInputEvents = YES;
				INFOPLIST_KEY_UILaunchStoryboardName = LaunchScreen;
				INFOPLIST_KEY_UIMainStoryboardFile = Main;
				INFOPLIST_KEY_UISupportedInterfaceOrientations_iPad = "UIInterfaceOrientationPortrait UIInterfaceOrientationPortraitUpsideDown UIInterfaceOrientationLandscapeLeft UIInterfaceOrientationLandscapeRight";
				INFOPLIST_KEY_UISupportedInterfaceOrientations_iPhone = "UIInterfaceOrientationPortrait UIInterfaceOrientationLandscapeLeft UIInterfaceOrientationLandscapeRight";
				LD_RUNPATH_SEARCH_PATHS = (
					"$(inherited)",
					"@executable_path/Frameworks",
				);
				MARKETING_VERSION = 1.0;
				PRODUCT_BUNDLE_IDENTIFIER = app.kanakou.ishii.MentorBook;
				PRODUCT_NAME = "$(TARGET_NAME)";
				SWIFT_EMIT_LOC_STRINGS = YES;
				SWIFT_VERSION = 5.0;
				TARGETED_DEVICE_FAMILY = "1,2";
			};
			name = Debug;
		};
		0BCEF23E28B6BB06003D79BD /* Release */ = {
			isa = XCBuildConfiguration;
			buildSettings = {
				ASSETCATALOG_COMPILER_APPICON_NAME = AppIcon;
				ASSETCATALOG_COMPILER_GLOBAL_ACCENT_COLOR_NAME = AccentColor;
				CODE_SIGN_STYLE = Automatic;
				CURRENT_PROJECT_VERSION = 1;
				GENERATE_INFOPLIST_FILE = YES;
				INFOPLIST_FILE = MentorBook/Info.plist;
				INFOPLIST_KEY_UIApplicationSupportsIndirectInputEvents = YES;
				INFOPLIST_KEY_UILaunchStoryboardName = LaunchScreen;
				INFOPLIST_KEY_UIMainStoryboardFile = Main;
				INFOPLIST_KEY_UISupportedInterfaceOrientations_iPad = "UIInterfaceOrientationPortrait UIInterfaceOrientationPortraitUpsideDown UIInterfaceOrientationLandscapeLeft UIInterfaceOrientationLandscapeRight";
				INFOPLIST_KEY_UISupportedInterfaceOrientations_iPhone = "UIInterfaceOrientationPortrait UIInterfaceOrientationLandscapeLeft UIInterfaceOrientationLandscapeRight";
				LD_RUNPATH_SEARCH_PATHS = (
					"$(inherited)",
					"@executable_path/Frameworks",
				);
				MARKETING_VERSION = 1.0;
				PRODUCT_BUNDLE_IDENTIFIER = app.kanakou.ishii.MentorBook;
				PRODUCT_NAME = "$(TARGET_NAME)";
				SWIFT_EMIT_LOC_STRINGS = YES;
				SWIFT_VERSION = 5.0;
				TARGETED_DEVICE_FAMILY = "1,2";
			};
			name = Release;
		};
		0BCEF24028B6BB06003D79BD /* Debug */ = {
			isa = XCBuildConfiguration;
			buildSettings = {
				ALWAYS_EMBED_SWIFT_STANDARD_LIBRARIES = YES;
				BUNDLE_LOADER = "$(TEST_HOST)";
				CODE_SIGN_STYLE = Automatic;
				CURRENT_PROJECT_VERSION = 1;
				GENERATE_INFOPLIST_FILE = YES;
				IPHONEOS_DEPLOYMENT_TARGET = 15.5;
				MARKETING_VERSION = 1.0;
				PRODUCT_BUNDLE_IDENTIFIER = app.kanakou.ishii.MentorBookTests;
				PRODUCT_NAME = "$(TARGET_NAME)";
				SWIFT_EMIT_LOC_STRINGS = NO;
				SWIFT_VERSION = 5.0;
				TARGETED_DEVICE_FAMILY = "1,2";
				TEST_HOST = "$(BUILT_PRODUCTS_DIR)/MentorBook.app/MentorBook";
			};
			name = Debug;
		};
		0BCEF24128B6BB06003D79BD /* Release */ = {
			isa = XCBuildConfiguration;
			buildSettings = {
				ALWAYS_EMBED_SWIFT_STANDARD_LIBRARIES = YES;
				BUNDLE_LOADER = "$(TEST_HOST)";
				CODE_SIGN_STYLE = Automatic;
				CURRENT_PROJECT_VERSION = 1;
				GENERATE_INFOPLIST_FILE = YES;
				IPHONEOS_DEPLOYMENT_TARGET = 15.5;
				MARKETING_VERSION = 1.0;
				PRODUCT_BUNDLE_IDENTIFIER = app.kanakou.ishii.MentorBookTests;
				PRODUCT_NAME = "$(TARGET_NAME)";
				SWIFT_EMIT_LOC_STRINGS = NO;
				SWIFT_VERSION = 5.0;
				TARGETED_DEVICE_FAMILY = "1,2";
				TEST_HOST = "$(BUILT_PRODUCTS_DIR)/MentorBook.app/MentorBook";
			};
			name = Release;
		};
		0BCEF24328B6BB06003D79BD /* Debug */ = {
			isa = XCBuildConfiguration;
			buildSettings = {
				ALWAYS_EMBED_SWIFT_STANDARD_LIBRARIES = YES;
				CODE_SIGN_STYLE = Automatic;
				CURRENT_PROJECT_VERSION = 1;
				GENERATE_INFOPLIST_FILE = YES;
				MARKETING_VERSION = 1.0;
				PRODUCT_BUNDLE_IDENTIFIER = app.kanakou.ishii.MentorBookUITests;
				PRODUCT_NAME = "$(TARGET_NAME)";
				SWIFT_EMIT_LOC_STRINGS = NO;
				SWIFT_VERSION = 5.0;
				TARGETED_DEVICE_FAMILY = "1,2";
				TEST_TARGET_NAME = MentorBook;
			};
			name = Debug;
		};
		0BCEF24428B6BB06003D79BD /* Release */ = {
			isa = XCBuildConfiguration;
			buildSettings = {
				ALWAYS_EMBED_SWIFT_STANDARD_LIBRARIES = YES;
				CODE_SIGN_STYLE = Automatic;
				CURRENT_PROJECT_VERSION = 1;
				GENERATE_INFOPLIST_FILE = YES;
				MARKETING_VERSION = 1.0;
				PRODUCT_BUNDLE_IDENTIFIER = app.kanakou.ishii.MentorBookUITests;
				PRODUCT_NAME = "$(TARGET_NAME)";
				SWIFT_EMIT_LOC_STRINGS = NO;
				SWIFT_VERSION = 5.0;
				TARGETED_DEVICE_FAMILY = "1,2";
				TEST_TARGET_NAME = MentorBook;
			};
			name = Release;
		};
/* End XCBuildConfiguration section */

/* Begin XCConfigurationList section */
		0BCEF20D28B6BB04003D79BD /* Build configuration list for PBXProject "MentorBook" */ = {
			isa = XCConfigurationList;
			buildConfigurations = (
				0BCEF23A28B6BB06003D79BD /* Debug */,
				0BCEF23B28B6BB06003D79BD /* Release */,
			);
			defaultConfigurationIsVisible = 0;
			defaultConfigurationName = Release;
		};
		0BCEF23C28B6BB06003D79BD /* Build configuration list for PBXNativeTarget "MentorBook" */ = {
			isa = XCConfigurationList;
			buildConfigurations = (
				0BCEF23D28B6BB06003D79BD /* Debug */,
				0BCEF23E28B6BB06003D79BD /* Release */,
			);
			defaultConfigurationIsVisible = 0;
			defaultConfigurationName = Release;
		};
		0BCEF23F28B6BB06003D79BD /* Build configuration list for PBXNativeTarget "MentorBookTests" */ = {
			isa = XCConfigurationList;
			buildConfigurations = (
				0BCEF24028B6BB06003D79BD /* Debug */,
				0BCEF24128B6BB06003D79BD /* Release */,
			);
			defaultConfigurationIsVisible = 0;
			defaultConfigurationName = Release;
		};
		0BCEF24228B6BB06003D79BD /* Build configuration list for PBXNativeTarget "MentorBookUITests" */ = {
			isa = XCConfigurationList;
			buildConfigurations = (
				0BCEF24328B6BB06003D79BD /* Debug */,
				0BCEF24428B6BB06003D79BD /* Release */,
			);
			defaultConfigurationIsVisible = 0;
			defaultConfigurationName = Release;
		};
/* End XCConfigurationList section */
	};
	rootObject = 0BCEF20A28B6BB04003D79BD /* Project object */;
}
